[[package]]
name = "asgiref"
version = "3.5.0"
description = "ASGI specs, helper code, and adapters"
category = "main"
optional = false
python-versions = ">=3.7"

[package.extras]
tests = ["pytest", "pytest-asyncio", "mypy (>=0.800)"]

[[package]]
name = "char"
version = "0.1.2"
description = "decorator for fast check types of arguments which are given to function"
category = "main"
optional = false
python-versions = "*"

[package.extras]
testing = ["pytest-cov", "pytest"]

[[package]]
name = "conditions"
version = "0.2.0"
description = "Implementation of the Common Lisp's conditions system in Python."
category = "main"
optional = false
python-versions = "*"

[[package]]
name = "django"
version = "3.2.15"
description = "A high-level Python Web framework that encourages rapid development and clean, pragmatic design."
category = "main"
optional = false
python-versions = ">=3.6"

[package.dependencies]
asgiref = ">=3.3.2,<4"
pytz = "*"
sqlparse = ">=0.2.2"

[package.extras]
bcrypt = ["bcrypt"]
argon2 = ["argon2-cffi (>=19.1.0)"]

[[package]]
name = "django-currentuser"
version = "0.5.3"
description = "Conveniently store reference to request user on thread/db level."
category = "main"
optional = false
python-versions = "*"

[package.dependencies]
Django = {version = ">=1.11.17,<3.3", markers = "python_version >= \"2.7\""}

[[package]]
name = "django-filter"
version = "21.1"
description = "Django-filter is a reusable Django application for allowing users to filter querysets dynamically."
category = "main"
optional = false
python-versions = ">=3.6"

[package.dependencies]
Django = ">=2.2"

[[package]]
name = "django-storages"
version = "1.12.3"
description = "Support for many storage backends in Django"
category = "main"
optional = false
python-versions = ">=3.5"

[package.dependencies]
Django = ">=2.2"

[package.extras]
azure = ["azure-storage-blob (>=12.0.0)"]
boto3 = ["boto3 (>=1.4.4)"]
dropbox = ["dropbox (>=7.2.1)"]
google = ["google-cloud-storage (>=1.27.0)"]
libcloud = ["apache-libcloud"]
sftp = ["paramiko"]

[[package]]
name = "djangorestframework"
version = "3.13.1"
description = "Web APIs for Django, made easy."
category = "main"
optional = false
python-versions = ">=3.6"

[package.dependencies]
django = ">=2.2"
pytz = "*"

[[package]]
name = "djangorestframework-csv"
version = "2.1.1"
description = "CSV Tools for Django REST Framework"
category = "main"
optional = false
python-versions = "*"

[package.dependencies]
djangorestframework = "*"
six = "*"
unicodecsv = "*"

[[package]]
name = "et-xmlfile"
version = "1.1.0"
description = "An implementation of lxml.xmlfile for the standard library"
category = "main"
optional = false
python-versions = ">=3.6"

[[package]]
name = "openpyxl"
version = "3.0.9"
description = "A Python library to read/write Excel 2010 xlsx/xlsm files"
category = "main"
optional = false
python-versions = ">=3.6"

[package.dependencies]
et-xmlfile = "*"

[[package]]
name = "orjson"
version = "3.6.7"
description = "Fast, correct Python JSON library supporting dataclasses, datetimes, and numpy"
category = "main"
optional = false
python-versions = ">=3.7"

[[package]]
name = "pydantic"
version = "1.8.2"
description = "Data validation and settings management using python 3.6 type hinting"
category = "main"
optional = false
python-versions = ">=3.6.1"

[package.dependencies]
typing-extensions = ">=3.7.4.3"

[package.extras]
dotenv = ["python-dotenv (>=0.10.4)"]
email = ["email-validator (>=1.0.3)"]

[[package]]
name = "pytz"
version = "2022.1"
description = "World timezone definitions, modern and historical"
category = "main"
optional = false
python-versions = "*"

[[package]]
name = "six"
version = "1.16.0"
description = "Python 2 and 3 compatibility utilities"
category = "main"
optional = false
python-versions = ">=2.7, !=3.0.*, !=3.1.*, !=3.2.*"

[[package]]
name = "sqlparse"
version = "0.4.2"
description = "A non-validating SQL parser."
category = "main"
optional = false
python-versions = ">=3.5"

[[package]]
name = "typing-extensions"
version = "4.1.1"
description = "Backported and Experimental Type Hints for Python 3.6+"
category = "main"
optional = false
python-versions = ">=3.6"

[[package]]
name = "unicodecsv"
version = "0.14.1"
description = "Python2's stdlib csv module is nice, but it doesn't support unicode. This module is a drop-in replacement which *does*."
category = "main"
optional = false
python-versions = "*"

[metadata]
lock-version = "1.1"
python-versions = ">=3.8"
content-hash = "b25ea7b2d02738cd088fed445e5bebb2b6e5a9a0865a3760ceadf2541c95e3e6"

[metadata.files]
asgiref = [
    {file = "asgiref-3.5.0-py3-none-any.whl", hash = "sha256:88d59c13d634dcffe0510be048210188edd79aeccb6a6c9028cdad6f31d730a9"},
    {file = "asgiref-3.5.0.tar.gz", hash = "sha256:2f8abc20f7248433085eda803936d98992f1343ddb022065779f37c5da0181d0"},
]
char = [
    {file = "char-0.1.2-py2.py3-none-any.whl", hash = "sha256:e2719f713a62134657f51da07ebc6e5c2acb11862f65b8be14e6b596fa345e80"},
    {file = "char-0.1.2.tar.gz", hash = "sha256:e6020cf4c81e43484e0b0a1d5d0668a5e56dfff4dadea24629d92a2a3934c79a"},
]
conditions = [
    {file = "conditions-0.2.0.tar.gz", hash = "sha256:7c6fbf49abcbe8be3654b688591fc37c7545cd8c5bd4a93ad8caff661f485cc1"},
]
django = [
    {file = "Django-3.2.15-py3-none-any.whl", hash = "sha256:115baf5049d5cf4163e43492cdc7139c306ed6d451e7d3571fe9612903903713"},
    {file = "Django-3.2.15.tar.gz", hash = "sha256:f71934b1a822f14a86c9ac9634053689279cd04ae69cb6ade4a59471b886582b"},
]
django-currentuser = [
    {file = "django-currentuser-0.5.3.tar.gz", hash = "sha256:6dca73d6b3a358d421662d45020d1e64ae2b4492deef2eb2428f4e48441547a0"},
    {file = "django_currentuser-0.5.3-py2.py3-none-any.whl", hash = "sha256:3d4424204da1efbe25d3afe7ae9044662e99904e117e3e788a97394d7269125e"},
]
django-filter = [
    {file = "django-filter-21.1.tar.gz", hash = "sha256:632a251fa8f1aadb4b8cceff932bb52fe2f826dd7dfe7f3eac40e5c463d6836e"},
    {file = "django_filter-21.1-py3-none-any.whl", hash = "sha256:f4a6737a30104c98d2e2a5fb93043f36dd7978e0c7ddc92f5998e85433ea5063"},
]
django-storages = [
    {file = "django-storages-1.12.3.tar.gz", hash = "sha256:a475edb2f0f04c4f7e548919a751ecd50117270833956ed5bd585c0575d2a5e7"},
    {file = "django_storages-1.12.3-py3-none-any.whl", hash = "sha256:204a99f218b747c46edbfeeb1310d357f83f90fa6a6024d8d0a3f422570cee84"},
]
djangorestframework = [
    {file = "djangorestframework-3.13.1-py3-none-any.whl", hash = "sha256:24c4bf58ed7e85d1fe4ba250ab2da926d263cd57d64b03e8dcef0ac683f8b1aa"},
    {file = "djangorestframework-3.13.1.tar.gz", hash = "sha256:0c33407ce23acc68eca2a6e46424b008c9c02eceb8cf18581921d0092bc1f2ee"},
]
djangorestframework-csv = [
    {file = "djangorestframework-csv-2.1.1.tar.gz", hash = "sha256:aa0ee4c894fe319c68e042b05c61dace43a9fb6e6872e1abe1724ca7ea4d15f7"},
]
et-xmlfile = [
    {file = "et_xmlfile-1.1.0-py3-none-any.whl", hash = "sha256:a2ba85d1d6a74ef63837eed693bcb89c3f752169b0e3e7ae5b16ca5e1b3deada"},
    {file = "et_xmlfile-1.1.0.tar.gz", hash = "sha256:8eb9e2bc2f8c97e37a2dc85a09ecdcdec9d8a396530a6d5a33b30b9a92da0c5c"},
]
openpyxl = [
    {file = "openpyxl-3.0.9-py2.py3-none-any.whl", hash = "sha256:8f3b11bd896a95468a4ab162fc4fcd260d46157155d1f8bfaabb99d88cfcf79f"},
    {file = "openpyxl-3.0.9.tar.gz", hash = "sha256:40f568b9829bf9e446acfffce30250ac1fa39035124d55fc024025c41481c90f"},
]
orjson = [
    {file = "orjson-3.6.7-cp310-cp310-macosx_10_7_x86_64.whl", hash = "sha256:93188a9d6eb566419ad48befa202dfe7cd7a161756444b99c4ec77faea9352a4"},
    {file = "orjson-3.6.7-cp310-cp310-macosx_10_9_x86_64.macosx_11_0_arm64.macosx_10_9_universal2.whl", hash = "sha256:82515226ecb77689a029061552b5df1802b75d861780c401e96ca6bc8495f775"},
    {file = "orjson-3.6.7-cp310-cp310-manylinux_2_17_armv7l.manylinux2014_armv7l.whl", hash = "sha256:3af57ffab7848aaec6ba6b9e9b41331250b57bf696f9d502bacdc71a0ebab0ba"},
    {file = "orjson-3.6.7-cp310-cp310-manylinux_2_24_aarch64.whl", hash = "sha256:a7297504d1142e7efa236ffc53f056d73934a993a08646dbcee89fc4308a8fcf"},
    {file = "orjson-3.6.7-cp310-cp310-manylinux_2_24_x86_64.whl", hash = "sha256:5a50cde0dbbde255ce751fd1bca39d00ecd878ba0903c0480961b31984f2fab7"},
    {file = "orjson-3.6.7-cp310-cp310-musllinux_1_1_x86_64.whl", hash = "sha256:d21f9a2d1c30e58070f93988db4cad154b9009fafbde238b52c1c760e3607fbe"},
    {file = "orjson-3.6.7-cp310-none-win_amd64.whl", hash = "sha256:e152464c4606b49398afd911777decebcf9749cc8810c5b4199039e1afb0991e"},
    {file = "orjson-3.6.7-cp37-cp37m-macosx_10_7_x86_64.whl", hash = "sha256:0a65f3c403f38b0117c6dd8e76e85a7bd51fcd92f06c5598dfeddbc44697d3e5"},
    {file = "orjson-3.6.7-cp37-cp37m-macosx_10_9_x86_64.macosx_11_0_arm64.macosx_10_9_universal2.whl", hash = "sha256:6c47cfca18e41f7f37b08ff3e7abf5ada2d0f27b5ade934f05be5fc5bb956e9d"},
    {file = "orjson-3.6.7-cp37-cp37m-manylinux_2_17_armv7l.manylinux2014_armv7l.whl", hash = "sha256:63185af814c243fad7a72441e5f98120c9ecddf2675befa486d669fb65539e9b"},
    {file = "orjson-3.6.7-cp37-cp37m-manylinux_2_17_x86_64.manylinux2014_x86_64.whl", hash = "sha256:b2da6fde42182b80b40df2e6ab855c55090ebfa3fcc21c182b7ad1762b61d55c"},
    {file = "orjson-3.6.7-cp37-cp37m-manylinux_2_24_aarch64.whl", hash = "sha256:48c5831ec388b4e2682d4ff56d6bfa4a2ef76c963f5e75f4ff4785f9cf338a80"},
    {file = "orjson-3.6.7-cp37-cp37m-manylinux_2_24_x86_64.whl", hash = "sha256:913fac5d594ccabf5e8fbac15b9b3bb9c576d537d49eeec9f664e7a64dde4c4b"},
    {file = "orjson-3.6.7-cp37-cp37m-musllinux_1_1_x86_64.whl", hash = "sha256:58f244775f20476e5851e7546df109f75160a5178d44257d437ba6d7e562bfe8"},
    {file = "orjson-3.6.7-cp37-none-win_amd64.whl", hash = "sha256:2d5f45c6b85e5f14646df2d32ecd7ff20fcccc71c0ea1155f4d3df8c5299bbb7"},
    {file = "orjson-3.6.7-cp38-cp38-macosx_10_7_x86_64.whl", hash = "sha256:612d242493afeeb2068bc72ff2544aa3b1e627578fcf92edee9daebb5893ffea"},
    {file = "orjson-3.6.7-cp38-cp38-macosx_10_9_x86_64.macosx_11_0_arm64.macosx_10_9_universal2.whl", hash = "sha256:539cdc5067db38db27985e257772d073cd2eb9462d0a41bde96da4e4e60bd99b"},
    {file = "orjson-3.6.7-cp38-cp38-manylinux_2_17_armv7l.manylinux2014_armv7l.whl", hash = "sha256:6d103b721bbc4f5703f62b3882e638c0b65fcdd48622531c7ffd45047ef8e87c"},
    {file = "orjson-3.6.7-cp38-cp38-manylinux_2_17_x86_64.manylinux2014_x86_64.whl", hash = "sha256:cb10a20f80e95102dd35dfbc3a22531661b44a09b55236b012a446955846b023"},
    {file = "orjson-3.6.7-cp38-cp38-manylinux_2_24_aarch64.whl", hash = "sha256:bb68d0da349cf8a68971a48ad179434f75256159fe8b0715275d9b49fa23b7a3"},
    {file = "orjson-3.6.7-cp38-cp38-manylinux_2_24_x86_64.whl", hash = "sha256:4a2c7d0a236aaeab7f69c17b7ab4c078874e817da1bfbb9827cb8c73058b3050"},
    {file = "orjson-3.6.7-cp38-cp38-musllinux_1_1_x86_64.whl", hash = "sha256:3be045ca3b96119f592904cf34b962969ce97bd7843cbfca084009f6c8d2f268"},
    {file = "orjson-3.6.7-cp38-none-win_amd64.whl", hash = "sha256:bd765c06c359d8a814b90f948538f957fa8a1f55ad1aaffcdc5771996aaea061"},
    {file = "orjson-3.6.7-cp39-cp39-macosx_10_7_x86_64.whl", hash = "sha256:7dd9e1e46c0776eee9e0649e3ae9584ea368d96851bcaeba18e217fa5d755283"},
    {file = "orjson-3.6.7-cp39-cp39-macosx_10_9_x86_64.macosx_11_0_arm64.macosx_10_9_universal2.whl", hash = "sha256:c4b4f20a1e3df7e7c83717aff0ef4ab69e42ce2fb1f5234682f618153c458406"},
    {file = "orjson-3.6.7-cp39-cp39-manylinux_2_17_armv7l.manylinux2014_armv7l.whl", hash = "sha256:7107a5673fd0b05adbb58bf71c1578fc84d662d29c096eb6d998982c8635c221"},
    {file = "orjson-3.6.7-cp39-cp39-manylinux_2_17_x86_64.manylinux2014_x86_64.whl", hash = "sha256:a08b6940dd9a98ccf09785890112a0f81eadb4f35b51b9a80736d1725437e22c"},
    {file = "orjson-3.6.7-cp39-cp39-manylinux_2_24_aarch64.whl", hash = "sha256:f5d1648e5a9d1070f3628a69a7c6c17634dbb0caf22f2085eca6910f7427bf1f"},
    {file = "orjson-3.6.7-cp39-cp39-manylinux_2_24_x86_64.whl", hash = "sha256:e6201494e8dff2ce7fd21da4e3f6dfca1a3fed38f9dcefc972f552f6596a7621"},
    {file = "orjson-3.6.7-cp39-cp39-musllinux_1_1_x86_64.whl", hash = "sha256:70d0386abe02879ebaead2f9632dd2acb71000b4721fd8c1a2fb8c031a38d4d5"},
    {file = "orjson-3.6.7-cp39-none-win_amd64.whl", hash = "sha256:d9a3288861bfd26f3511fb4081561ca768674612bac59513cb9081bb61fcc87f"},
    {file = "orjson-3.6.7.tar.gz", hash = "sha256:a4bb62b11289b7620eead2f25695212e9ac77fcfba76f050fa8a540fb5c32401"},
]
pydantic = [
    {file = "pydantic-1.8.2-cp36-cp36m-macosx_10_9_x86_64.whl", hash = "sha256:05ddfd37c1720c392f4e0d43c484217b7521558302e7069ce8d318438d297739"},
    {file = "pydantic-1.8.2-cp36-cp36m-manylinux1_i686.whl", hash = "sha256:a7c6002203fe2c5a1b5cbb141bb85060cbff88c2d78eccbc72d97eb7022c43e4"},
    {file = "pydantic-1.8.2-cp36-cp36m-manylinux2014_i686.whl", hash = "sha256:589eb6cd6361e8ac341db97602eb7f354551482368a37f4fd086c0733548308e"},
    {file = "pydantic-1.8.2-cp36-cp36m-manylinux2014_x86_64.whl", hash = "sha256:10e5622224245941efc193ad1d159887872776df7a8fd592ed746aa25d071840"},
    {file = "pydantic-1.8.2-cp36-cp36m-win_amd64.whl", hash = "sha256:99a9fc39470010c45c161a1dc584997f1feb13f689ecf645f59bb4ba623e586b"},
    {file = "pydantic-1.8.2-cp37-cp37m-macosx_10_9_x86_64.whl", hash = "sha256:a83db7205f60c6a86f2c44a61791d993dff4b73135df1973ecd9eed5ea0bda20"},
    {file = "pydantic-1.8.2-cp37-cp37m-manylinux1_i686.whl", hash = "sha256:41b542c0b3c42dc17da70554bc6f38cbc30d7066d2c2815a94499b5684582ecb"},
    {file = "pydantic-1.8.2-cp37-cp37m-manylinux2014_i686.whl", hash = "sha256:ea5cb40a3b23b3265f6325727ddfc45141b08ed665458be8c6285e7b85bd73a1"},
    {file = "pydantic-1.8.2-cp37-cp37m-manylinux2014_x86_64.whl", hash = "sha256:18b5ea242dd3e62dbf89b2b0ec9ba6c7b5abaf6af85b95a97b00279f65845a23"},
    {file = "pydantic-1.8.2-cp37-cp37m-win_amd64.whl", hash = "sha256:234a6c19f1c14e25e362cb05c68afb7f183eb931dd3cd4605eafff055ebbf287"},
    {file = "pydantic-1.8.2-cp38-cp38-macosx_10_9_x86_64.whl", hash = "sha256:021ea0e4133e8c824775a0cfe098677acf6fa5a3cbf9206a376eed3fc09302cd"},
    {file = "pydantic-1.8.2-cp38-cp38-manylinux1_i686.whl", hash = "sha256:e710876437bc07bd414ff453ac8ec63d219e7690128d925c6e82889d674bb505"},
    {file = "pydantic-1.8.2-cp38-cp38-manylinux2014_i686.whl", hash = "sha256:ac8eed4ca3bd3aadc58a13c2aa93cd8a884bcf21cb019f8cfecaae3b6ce3746e"},
    {file = "pydantic-1.8.2-cp38-cp38-manylinux2014_x86_64.whl", hash = "sha256:4a03cbbe743e9c7247ceae6f0d8898f7a64bb65800a45cbdc52d65e370570820"},
    {file = "pydantic-1.8.2-cp38-cp38-win_amd64.whl", hash = "sha256:8621559dcf5afacf0069ed194278f35c255dc1a1385c28b32dd6c110fd6531b3"},
    {file = "pydantic-1.8.2-cp39-cp39-macosx_10_9_x86_64.whl", hash = "sha256:8b223557f9510cf0bfd8b01316bf6dd281cf41826607eada99662f5e4963f316"},
    {file = "pydantic-1.8.2-cp39-cp39-manylinux1_i686.whl", hash = "sha256:244ad78eeb388a43b0c927e74d3af78008e944074b7d0f4f696ddd5b2af43c62"},
    {file = "pydantic-1.8.2-cp39-cp39-manylinux2014_i686.whl", hash = "sha256:05ef5246a7ffd2ce12a619cbb29f3307b7c4509307b1b49f456657b43529dc6f"},
    {file = "pydantic-1.8.2-cp39-cp39-manylinux2014_x86_64.whl", hash = "sha256:54cd5121383f4a461ff7644c7ca20c0419d58052db70d8791eacbbe31528916b"},
    {file = "pydantic-1.8.2-cp39-cp39-win_amd64.whl", hash = "sha256:4be75bebf676a5f0f87937c6ddb061fa39cbea067240d98e298508c1bda6f3f3"},
    {file = "pydantic-1.8.2-py3-none-any.whl", hash = "sha256:fec866a0b59f372b7e776f2d7308511784dace622e0992a0b59ea3ccee0ae833"},
    {file = "pydantic-1.8.2.tar.gz", hash = "sha256:26464e57ccaafe72b7ad156fdaa4e9b9ef051f69e175dbbb463283000c05ab7b"},
]
pytz = [
    {file = "pytz-2022.1-py2.py3-none-any.whl", hash = "sha256:e68985985296d9a66a881eb3193b0906246245294a881e7c8afe623866ac6a5c"},
    {file = "pytz-2022.1.tar.gz", hash = "sha256:1e760e2fe6a8163bc0b3d9a19c4f84342afa0a2affebfaa84b01b978a02ecaa7"},
]
six = [
    {file = "six-1.16.0-py2.py3-none-any.whl", hash = "sha256:8abb2f1d86890a2dfb989f9a77cfcfd3e47c2a354b01111771326f8aa26e0254"},
    {file = "six-1.16.0.tar.gz", hash = "sha256:1e61c37477a1626458e36f7b1d82aa5c9b094fa4802892072e49de9c60c4c926"},
]
sqlparse = [
    {file = "sqlparse-0.4.2-py3-none-any.whl", hash = "sha256:48719e356bb8b42991bdbb1e8b83223757b93789c00910a616a071910ca4a64d"},
    {file = "sqlparse-0.4.2.tar.gz", hash = "sha256:0c00730c74263a94e5a9919ade150dfc3b19c574389985446148402998287dae"},
]
typing-extensions = [
    {file = "typing_extensions-4.1.1-py3-none-any.whl", hash = "sha256:21c85e0fe4b9a155d0799430b0ad741cdce7e359660ccbd8b530613e8df88ce2"},
    {file = "typing_extensions-4.1.1.tar.gz", hash = "sha256:1a9462dcc3347a79b1f1c0271fbe79e844580bb598bafa1ed208b94da3cdcd42"},
]
unicodecsv = [
    {file = "unicodecsv-0.14.1.tar.gz", hash = "sha256:018c08037d48649a0412063ff4eda26eaa81eff1546dbffa51fa5293276ff7fc"},
]
